# -------------------------------------------------------------------------- #
#
# Copyright (C) 1991-2013 Altera Corporation
# Your use of Altera Corporation's design tools, logic functions 
# and other software and tools, and its AMPP partner logic 
# functions, and any output files from any of the foregoing 
# (including device programming or simulation files), and any 
# associated documentation or information are expressly subject 
# to the terms and conditions of the Altera Program License 
# Subscription Agreement, Altera MegaCore Function License 
# Agreement, or other applicable license agreement, including, 
# without limitation, that your use is for the sole purpose of 
# programming logic devices manufactured by Altera and sold by 
# Altera or its authorized distributors.  Please refer to the 
# applicable agreement for further details.
#
# -------------------------------------------------------------------------- #
#
# Quartus II 64-Bit
# Version 13.1.0 Build 162 10/23/2013 SJ Web Edition
# Date created = 19:34:44  August 14, 2026
#
# -------------------------------------------------------------------------- #
#
# Notes:
#
# 1) The default values for assignments are stored in the file:
#		Tetris_assignment_defaults.qdf
#    If this file doesn't exist, see file:
#		assignment_defaults.qdf
#
# 2) Altera recommends that you do not modify this file. This
#    file is updated automatically by the Quartus II software
#    and any changes you make may be lost or overwritten.
#
# -------------------------------------------------------------------------- #


set_global_assignment -name FAMILY "Cyclone V"
set_global_assignment -name DEVICE 5CEBA4F23C7
set_global_assignment -name TOP_LEVEL_ENTITY Tetris
set_global_assignment -name ORIGINAL_QUARTUS_VERSION 13.1
set_global_assignment -name PROJECT_CREATION_TIME_DATE "19:34:44  AUGUST 14, 2026"
set_global_assignment -name LAST_QUARTUS_VERSION 13.1
set_global_assignment -name PROJECT_OUTPUT_DIRECTORY output_files
set_global_assignment -name MIN_CORE_JUNCTION_TEMP 0
set_global_assignment -name MAX_CORE_JUNCTION_TEMP 85
set_global_assignment -name ERROR_CHECK_FREQUENCY_DIVISOR 256
set_global_assignment -name EDA_SIMULATION_TOOL "ModelSim-Altera (VHDL)"
set_global_assignment -name EDA_OUTPUT_DATA_FORMAT VHDL -section_id eda_simulation
set_global_assignment -name PARTITION_NETLIST_TYPE SOURCE -section_id Top
set_global_assignment -name PARTITION_FITTER_PRESERVATION_LEVEL PLACEMENT_AND_ROUTING -section_id Top
set_global_assignment -name PARTITION_COLOR 16764057 -section_id Top
set_global_assignment -name POWER_PRESET_COOLING_SOLUTION "23 MM HEAT SINK WITH 200 LFPM AIRFLOW"
set_global_assignment -name POWER_BOARD_THERMAL_MODEL "NONE (CONSERVATIVE)"
set_instance_assignment -name FAST_INPUT_REGISTER ON -to *dq_reg*

set_global_assignment -name SOURCE_FILE Components/mx2x1_16.cmp
set_global_assignment -name QIP_FILE Components/mx2x1_16.qip
set_global_assignment -name VHDL_FILE Components/mx2x1_16.vhd
set_global_assignment -name VHDL_FILE Components/mx2x1_22.vhd
set_global_assignment -name QIP_FILE Components/mx2x1_22.qip
set_global_assignment -name SOURCE_FILE Components/mx2x1_22.cmp
set_global_assignment -name BDF_FILE Memory/Arbitrator.bdf
set_global_assignment -name BDF_FILE Memory/sdram_arb.bdf
set_global_assignment -name QIP_FILE CPU/pc_register.qip
set_global_assignment -name QIP_FILE CPU/alu_adder.qip
set_global_assignment -name QIP_FILE CPU/alu_compare.qip
set_global_assignment -name QIP_FILE CPU/alu_compare_u.qip
set_global_assignment -name QIP_FILE CPU/alu_shift.qip
set_global_assignment -name QIP_FILE CPU/alu_sra.qip
set_global_assignment -name QIP_FILE CPU/alu_mux.qip
set_global_assignment -name QIP_FILE CPU/mux4_32.qip
set_global_assignment -name QIP_FILE CPU/alu_src_mux_ip.qip
set_global_assignment -name QIP_FILE CPU/mux2_5.qip
set_global_assignment -name QIP_FILE CPU/mux4_5.qip
set_global_assignment -name QIP_FILE CPU/mux8_1.qip
set_global_assignment -name QIP_FILE CPU/reg_mem_a.qip
set_global_assignment -name QIP_FILE CPU/control_rom.qip
set_global_assignment -name BDF_FILE CPU/register_file.bdf
set_global_assignment -name BDF_FILE CPU/imm_gen.bdf
set_global_assignment -name BDF_FILE CPU/alu.bdf
set_global_assignment -name BDF_FILE CPU/pc_next.bdf
set_global_assignment -name BDF_FILE CPU/pc.bdf
set_global_assignment -name BDF_FILE CPU/instruction.bdf
set_global_assignment -name BDF_FILE CPU/alu_src_mux.bdf
set_global_assignment -name BDF_FILE CPU/data_mem.bdf
set_global_assignment -name BDF_FILE CPU/instruction_decoder.bdf
set_global_assignment -name BDF_FILE CPU/tetris_cpu.bdf
set_global_assignment -name MIF_FILE CPU/control_rom.mif
set_global_assignment -name SOURCE_FILE Memory/sys_pll.cmp
set_global_assignment -name BDF_FILE Memory/sdram_init.bdf
set_global_assignment -name BDF_FILE Memory/sdram_ctrl.bdf
set_global_assignment -name VHDL_FILE Memory/raf_cnt.vhd
set_global_assignment -name QIP_FILE Memory/raf_cnt.qip
set_global_assignment -name QIP_FILE Memory/pixel_cnt.qip
set_global_assignment -name VHDL_FILE Memory/lpm_mux6.vhd
set_global_assignment -name QIP_FILE Memory/lpm_mux6.qip
set_global_assignment -name VHDL_FILE Memory/lpm_mux5.vhd
set_global_assignment -name QIP_FILE Memory/lpm_mux5.qip
set_global_assignment -name VHDL_FILE Memory/lpm_mux4.vhd
set_global_assignment -name QIP_FILE Memory/lpm_mux4.qip
set_global_assignment -name VHDL_FILE Memory/lpm_mux3.vhd
set_global_assignment -name QIP_FILE Memory/lpm_mux3.qip
set_global_assignment -name VHDL_FILE Memory/lpm_mux1.vhd
set_global_assignment -name QIP_FILE Memory/lpm_mux1.qip
set_global_assignment -name SOURCE_FILE Memory/lpm_mux1.cmp
set_global_assignment -name VHDL_FILE Memory/lpm_constant400.vhd
set_global_assignment -name QIP_FILE Memory/lpm_constant400.qip
set_global_assignment -name VHDL_FILE Memory/lpm_constant223.vhd
set_global_assignment -name QIP_FILE Memory/lpm_constant223.qip
set_global_assignment -name VHDL_FILE Memory/lpm_constant0.vhd
set_global_assignment -name QIP_FILE Memory/lpm_constant0.qip
set_global_assignment -name SOURCE_FILE Memory/lpm_constant0.cmp
set_global_assignment -name VHDL_FILE Memory/init_rom.vhd
set_global_assignment -name QIP_FILE Memory/init_rom.qip
set_global_assignment -name VHDL_FILE Memory/ctrl_rom.vhd
set_global_assignment -name QIP_FILE Memory/ctrl_rom.qip
set_global_assignment -name VHDL_FILE Memory/ctrl_cnt.vhd
set_global_assignment -name QIP_FILE Memory/ctrl_cnt.qip
set_global_assignment -name VHDL_FILE Memory/rom.vhd
set_global_assignment -name QIP_FILE Memory/rom.qip
set_global_assignment -name VHDL_FILE Memory/ram.vhd
set_global_assignment -name QIP_FILE Memory/ram.qip
set_global_assignment -name BDF_FILE Memory/mem_top.bdf
set_global_assignment -name BDF_FILE KbController/kb_ps2.bdf
set_global_assignment -name BDF_FILE Components/RisingEdgeDetector.bdf
set_global_assignment -name BDF_FILE Components/Register.bdf
set_global_assignment -name VHDL_FILE Components/read_mux.vhd
set_global_assignment -name QIP_FILE Components/read_mux.qip
set_global_assignment -name BDF_FILE Components/Debouncer.bdf
set_global_assignment -name BDF_FILE Components/DC2.bdf
set_global_assignment -name VHDL_FILE Components/const_sdram.vhd
set_global_assignment -name QIP_FILE Components/const_sdram.qip
set_global_assignment -name QIP_FILE Memory/sys_pll.qip
set_global_assignment -name SIP_FILE Memory/sys_pll.sip
set_global_assignment -name QIP_FILE Memory/refresh_cnt.qip
set_global_assignment -name QIP_FILE Memory/line_buf.qip
set_global_assignment -name QIP_FILE Memory/init_wait_cnt.qip
set_global_assignment -name BDF_FILE Tetris.bdf
set_global_assignment -name QIP_FILE Memory/gfx_add12.qip
set_global_assignment -name QIP_FILE Memory/gfx_cmp10.qip
set_global_assignment -name QIP_FILE Memory/gfx_cmp13s.qip
set_global_assignment -name QIP_FILE Memory/gfx_cmp9.qip
set_global_assignment -name QIP_FILE Memory/gfx_mux10.qip
set_global_assignment -name QIP_FILE Memory/gfx_mux12.qip
set_global_assignment -name QIP_FILE Memory/gfx_mux9.qip
set_global_assignment -name QIP_FILE Memory/gfx_sub12.qip
set_global_assignment -name QIP_FILE Memory/gfx_xcnt.qip
set_global_assignment -name QIP_FILE Memory/gfx_ycnt.qip
set_global_assignment -name QIP_FILE Memory/lpm_decode0.qip
set_global_assignment -name QIP_FILE Memory/mmio_rd_mux.qip
set_global_assignment -name QIP_FILE Memory/seq_cnt.qip
set_global_assignment -name QIP_FILE Memory/timer_cnt.qip
set_global_assignment -name QIP_FILE Memory/timer_pre.qip
set_global_assignment -name QIP_FILE Memory/zero32.qip
set_global_assignment -name BDF_FILE Memory/mmio_regs.bdf
set_global_assignment -name BDF_FILE Memory/gfx_engine.bdf
set_global_assignment -name BDF_FILE Memory/reg12.bdf
set_global_assignment -name BDF_FILE Memory/reg16.bdf
set_global_assignment -name SDC_FILE tetris.sdc
set_global_assignment -name BDF_FILE Components/CD2.bdf
set_global_assignment -name BDF_FILE CPU/bus_adapter.bdf
set_global_assignment -name QIP_FILE Components/seg7_rom.qip
set_global_assignment -name BDF_FILE Components/seg7_display.bdf
set_global_assignment -name MIF_FILE Components/seg7_rom.mif
set_global_assignment -name MIF_FILE Memory/rom_init.mif
set_global_assignment -name QIP_FILE GPU/vga_add10.qip
set_global_assignment -name BDF_FILE Components/irq_ctrl.bdf
set_global_assignment -name BDF_FILE Components/reg8_en.bdf
set_global_assignment -name BDF_FILE MouseController/mouse_ps2.bdf
set_global_assignment -name QIP_FILE MouseController/ms_dly.qip
set_global_assignment -name QIP_FILE MouseController/ms_wait.qip
set_global_assignment -name QIP_FILE MouseController/ms_cnt11.qip
set_global_assignment -name QIP_FILE MouseController/ms_pstate.qip
set_global_assignment -name QIP_FILE MouseController/ms_tx.qip
set_global_assignment -name QIP_FILE MouseController/ms_rx.qip
set_global_assignment -name QIP_FILE MouseController/ms_idle.qip
set_global_assignment -name QIP_FILE MouseController/ms_txcnt.qip

# Pinovi ploce DE0-CV

# Pinovi ploce DE0-CV

# Pinovi ploce DE0-CV

# Pinovi ploce DE0-CV

# Pinovi ploce DE0-CV

set_global_assignment -name BDF_FILE KbController/kb_keys.bdf

# Pinovi ploce DE0-CV

# Pinovi ploce DE0-CV

set_global_assignment -name BDF_FILE GPU/vga.bdf
set_global_assignment -name QIP_FILE GPU/vga_cmp10.qip

# Pinovi ploce DE0-CV

# Pinovi ploce DE0-CV

set_global_assignment -name QIP_FILE GPU/ctrl_xcnt.qip
set_global_assignment -name QIP_FILE GPU/ctrl_ycnt.qip
set_global_assignment -name QIP_FILE GPU/ctrl_cmp11.qip
set_global_assignment -name QIP_FILE GPU/ctrl_cmp10.qip
set_global_assignment -name QIP_FILE GPU/vga_add11.qip

# Pinovi ploce DE0-CV

# Pinovi ploce DE0-CV

set_global_assignment -name BDF_FILE Components/line_sync.bdf
set_global_assignment -name BDF_FILE GPU/vga_timing.bdf

# Pinovi ploce DE0-CV

# Pinovi ploce DE0-CV
set_location_assignment PIN_M9 -to CLOCK_50
set_location_assignment PIN_U7 -to KEY[0]
set_location_assignment PIN_W9 -to KEY[1]
set_location_assignment PIN_M7 -to KEY[2]
set_location_assignment PIN_M6 -to KEY[3]
set_location_assignment PIN_D3 -to PS2_CLK
set_location_assignment PIN_AB12 -to SW9
set_location_assignment PIN_G2 -to PS2_DAT
set_location_assignment PIN_AB11 -to DRAM_CLK
set_location_assignment PIN_R6 -to DRAM_CKE
set_location_assignment PIN_U6 -to DRAM_CS_N
set_location_assignment PIN_AB6 -to DRAM_RAS_N
set_location_assignment PIN_V6 -to DRAM_CAS_N
set_location_assignment PIN_AB5 -to DRAM_WE_N
set_location_assignment PIN_U12 -to DRAM_LDQM
set_location_assignment PIN_N8 -to DRAM_UDQM
set_location_assignment PIN_T7 -to DRAM_BA[0]
set_location_assignment PIN_AB7 -to DRAM_BA[1]
set_location_assignment PIN_H8 -to VGA_HS
set_location_assignment PIN_G8 -to VGA_VS
set_location_assignment PIN_A9 -to VGA_R[0]
set_location_assignment PIN_B10 -to VGA_R[1]
set_location_assignment PIN_C9 -to VGA_R[2]
set_location_assignment PIN_A5 -to VGA_R[3]
set_location_assignment PIN_L7 -to VGA_G[0]
set_location_assignment PIN_K7 -to VGA_G[1]
set_location_assignment PIN_J7 -to VGA_G[2]
set_location_assignment PIN_J8 -to VGA_G[3]
set_location_assignment PIN_B6 -to VGA_B[0]
set_location_assignment PIN_B7 -to VGA_B[1]
set_location_assignment PIN_A8 -to VGA_B[2]
set_location_assignment PIN_A7 -to VGA_B[3]
set_location_assignment PIN_AA2 -to LEDR[0]
set_location_assignment PIN_AA1 -to LEDR[1]
set_location_assignment PIN_W2 -to LEDR[2]
set_location_assignment PIN_Y3 -to LEDR[3]
set_location_assignment PIN_N2 -to LEDR[4]
set_location_assignment PIN_N1 -to LEDR[5]
set_location_assignment PIN_U2 -to LEDR[6]
set_location_assignment PIN_U1 -to LEDR[7]
set_location_assignment PIN_L2 -to LEDR[8]
set_location_assignment PIN_L1 -to LEDR[9]
set_location_assignment PIN_U21 -to HEX0[0]
set_location_assignment PIN_V21 -to HEX0[1]
set_location_assignment PIN_W22 -to HEX0[2]
set_location_assignment PIN_W21 -to HEX0[3]
set_location_assignment PIN_Y22 -to HEX0[4]
set_location_assignment PIN_Y21 -to HEX0[5]
set_location_assignment PIN_AA22 -to HEX0[6]
set_location_assignment PIN_AA20 -to HEX1[0]
set_location_assignment PIN_AB20 -to HEX1[1]
set_location_assignment PIN_AA19 -to HEX1[2]
set_location_assignment PIN_AA18 -to HEX1[3]
set_location_assignment PIN_AB18 -to HEX1[4]
set_location_assignment PIN_AA17 -to HEX1[5]
set_location_assignment PIN_U22 -to HEX1[6]
set_location_assignment PIN_Y19 -to HEX2[0]
set_location_assignment PIN_AB17 -to HEX2[1]
set_location_assignment PIN_AA10 -to HEX2[2]
set_location_assignment PIN_Y14 -to HEX2[3]
set_location_assignment PIN_V14 -to HEX2[4]
set_location_assignment PIN_AB22 -to HEX2[5]
set_location_assignment PIN_AB21 -to HEX2[6]
set_location_assignment PIN_Y16 -to HEX3[0]
set_location_assignment PIN_W16 -to HEX3[1]
set_location_assignment PIN_Y17 -to HEX3[2]
set_location_assignment PIN_V16 -to HEX3[3]
set_location_assignment PIN_U17 -to HEX3[4]
set_location_assignment PIN_V18 -to HEX3[5]
set_location_assignment PIN_V19 -to HEX3[6]
set_location_assignment PIN_U20 -to HEX4[0]
set_location_assignment PIN_Y20 -to HEX4[1]
set_location_assignment PIN_V20 -to HEX4[2]
set_location_assignment PIN_U16 -to HEX4[3]
set_location_assignment PIN_U15 -to HEX4[4]
set_location_assignment PIN_Y15 -to HEX4[5]
set_location_assignment PIN_P9 -to HEX4[6]
set_location_assignment PIN_N9 -to HEX5[0]
set_location_assignment PIN_M8 -to HEX5[1]
set_location_assignment PIN_T14 -to HEX5[2]
set_location_assignment PIN_P14 -to HEX5[3]
set_location_assignment PIN_C1 -to HEX5[4]
set_location_assignment PIN_C2 -to HEX5[5]
set_location_assignment PIN_W19 -to HEX5[6]
set_location_assignment PIN_W8 -to DRAM_ADDR[0]
set_location_assignment PIN_T8 -to DRAM_ADDR[1]
set_location_assignment PIN_U11 -to DRAM_ADDR[2]
set_location_assignment PIN_Y10 -to DRAM_ADDR[3]
set_location_assignment PIN_N6 -to DRAM_ADDR[4]
set_location_assignment PIN_AB10 -to DRAM_ADDR[5]
set_location_assignment PIN_P12 -to DRAM_ADDR[6]
set_location_assignment PIN_P7 -to DRAM_ADDR[7]
set_location_assignment PIN_P8 -to DRAM_ADDR[8]
set_location_assignment PIN_R5 -to DRAM_ADDR[9]
set_location_assignment PIN_U8 -to DRAM_ADDR[10]
set_location_assignment PIN_P6 -to DRAM_ADDR[11]
set_location_assignment PIN_R7 -to DRAM_ADDR[12]
set_location_assignment PIN_Y9 -to DRAM_DQ[0]
set_location_assignment PIN_T10 -to DRAM_DQ[1]
set_location_assignment PIN_R9 -to DRAM_DQ[2]
set_location_assignment PIN_Y11 -to DRAM_DQ[3]
set_location_assignment PIN_R10 -to DRAM_DQ[4]
set_location_assignment PIN_R11 -to DRAM_DQ[5]
set_location_assignment PIN_R12 -to DRAM_DQ[6]
set_location_assignment PIN_AA12 -to DRAM_DQ[7]
set_location_assignment PIN_AA9 -to DRAM_DQ[8]
set_location_assignment PIN_AB8 -to DRAM_DQ[9]
set_location_assignment PIN_AA8 -to DRAM_DQ[10]
set_location_assignment PIN_AA7 -to DRAM_DQ[11]
set_location_assignment PIN_V10 -to DRAM_DQ[12]
set_location_assignment PIN_V9 -to DRAM_DQ[13]
set_location_assignment PIN_U10 -to DRAM_DQ[14]
set_location_assignment PIN_T9 -to DRAM_DQ[15]
set_instance_assignment -name IO_STANDARD "3.3-V LVTTL" -to CLOCK_50
set_instance_assignment -name IO_STANDARD "3.3-V LVTTL" -to KEY[0]
set_instance_assignment -name IO_STANDARD "3.3-V LVTTL" -to KEY[1]
set_instance_assignment -name IO_STANDARD "3.3-V LVTTL" -to KEY[2]
set_instance_assignment -name IO_STANDARD "3.3-V LVTTL" -to KEY[3]
set_instance_assignment -name IO_STANDARD "3.3-V LVTTL" -to PS2_CLK
set_instance_assignment -name IO_STANDARD "3.3-V LVTTL" -to SW9
# PS/2 linije su tipa otvoreni kolektor; kontroler misa ih spusta na nulu,
# pa unutrasnji slabi pull-up daje jedinicu kada niko ne vuce liniju.
set_instance_assignment -name WEAK_PULL_UP_RESISTOR ON -to PS2_CLK
set_instance_assignment -name WEAK_PULL_UP_RESISTOR ON -to PS2_DAT
set_instance_assignment -name IO_STANDARD "3.3-V LVTTL" -to PS2_DAT
set_instance_assignment -name IO_STANDARD "3.3-V LVTTL" -to DRAM_CLK
set_instance_assignment -name IO_STANDARD "3.3-V LVTTL" -to DRAM_CKE
set_instance_assignment -name IO_STANDARD "3.3-V LVTTL" -to DRAM_CS_N
set_instance_assignment -name IO_STANDARD "3.3-V LVTTL" -to DRAM_RAS_N
set_instance_assignment -name IO_STANDARD "3.3-V LVTTL" -to DRAM_CAS_N
set_instance_assignment -name IO_STANDARD "3.3-V LVTTL" -to DRAM_WE_N
set_instance_assignment -name IO_STANDARD "3.3-V LVTTL" -to DRAM_LDQM
set_instance_assignment -name IO_STANDARD "3.3-V LVTTL" -to DRAM_UDQM
set_instance_assignment -name IO_STANDARD "3.3-V LVTTL" -to DRAM_BA[0]
set_instance_assignment -name IO_STANDARD "3.3-V LVTTL" -to DRAM_BA[1]
set_instance_assignment -name IO_STANDARD "3.3-V LVTTL" -to VGA_HS
set_instance_assignment -name IO_STANDARD "3.3-V LVTTL" -to VGA_VS
set_instance_assignment -name IO_STANDARD "3.3-V LVTTL" -to VGA_R[0]
set_instance_assignment -name IO_STANDARD "3.3-V LVTTL" -to VGA_R[1]
set_instance_assignment -name IO_STANDARD "3.3-V LVTTL" -to VGA_R[2]
set_instance_assignment -name IO_STANDARD "3.3-V LVTTL" -to VGA_R[3]
set_instance_assignment -name IO_STANDARD "3.3-V LVTTL" -to VGA_G[0]
set_instance_assignment -name IO_STANDARD "3.3-V LVTTL" -to VGA_G[1]
set_instance_assignment -name IO_STANDARD "3.3-V LVTTL" -to VGA_G[2]
set_instance_assignment -name IO_STANDARD "3.3-V LVTTL" -to VGA_G[3]
set_instance_assignment -name IO_STANDARD "3.3-V LVTTL" -to VGA_B[0]
set_instance_assignment -name IO_STANDARD "3.3-V LVTTL" -to VGA_B[1]
set_instance_assignment -name IO_STANDARD "3.3-V LVTTL" -to VGA_B[2]
set_instance_assignment -name IO_STANDARD "3.3-V LVTTL" -to VGA_B[3]
set_instance_assignment -name IO_STANDARD "3.3-V LVTTL" -to LEDR[0]
set_instance_assignment -name IO_STANDARD "3.3-V LVTTL" -to LEDR[1]
set_instance_assignment -name IO_STANDARD "3.3-V LVTTL" -to LEDR[2]
set_instance_assignment -name IO_STANDARD "3.3-V LVTTL" -to LEDR[3]
set_instance_assignment -name IO_STANDARD "3.3-V LVTTL" -to LEDR[4]
set_instance_assignment -name IO_STANDARD "3.3-V LVTTL" -to LEDR[5]
set_instance_assignment -name IO_STANDARD "3.3-V LVTTL" -to LEDR[6]
set_instance_assignment -name IO_STANDARD "3.3-V LVTTL" -to LEDR[7]
set_instance_assignment -name IO_STANDARD "3.3-V LVTTL" -to LEDR[8]
set_instance_assignment -name IO_STANDARD "3.3-V LVTTL" -to LEDR[9]
set_instance_assignment -name IO_STANDARD "3.3-V LVTTL" -to HEX0[0]
set_instance_assignment -name IO_STANDARD "3.3-V LVTTL" -to HEX0[1]
set_instance_assignment -name IO_STANDARD "3.3-V LVTTL" -to HEX0[2]
set_instance_assignment -name IO_STANDARD "3.3-V LVTTL" -to HEX0[3]
set_instance_assignment -name IO_STANDARD "3.3-V LVTTL" -to HEX0[4]
set_instance_assignment -name IO_STANDARD "3.3-V LVTTL" -to HEX0[5]
set_instance_assignment -name IO_STANDARD "3.3-V LVTTL" -to HEX0[6]
set_instance_assignment -name IO_STANDARD "3.3-V LVTTL" -to HEX1[0]
set_instance_assignment -name IO_STANDARD "3.3-V LVTTL" -to HEX1[1]
set_instance_assignment -name IO_STANDARD "3.3-V LVTTL" -to HEX1[2]
set_instance_assignment -name IO_STANDARD "3.3-V LVTTL" -to HEX1[3]
set_instance_assignment -name IO_STANDARD "3.3-V LVTTL" -to HEX1[4]
set_instance_assignment -name IO_STANDARD "3.3-V LVTTL" -to HEX1[5]
set_instance_assignment -name IO_STANDARD "3.3-V LVTTL" -to HEX1[6]
set_instance_assignment -name IO_STANDARD "3.3-V LVTTL" -to HEX2[0]
set_instance_assignment -name IO_STANDARD "3.3-V LVTTL" -to HEX2[1]
set_instance_assignment -name IO_STANDARD "3.3-V LVTTL" -to HEX2[2]
set_instance_assignment -name IO_STANDARD "3.3-V LVTTL" -to HEX2[3]
set_instance_assignment -name IO_STANDARD "3.3-V LVTTL" -to HEX2[4]
set_instance_assignment -name IO_STANDARD "3.3-V LVTTL" -to HEX2[5]
set_instance_assignment -name IO_STANDARD "3.3-V LVTTL" -to HEX2[6]
set_instance_assignment -name IO_STANDARD "3.3-V LVTTL" -to HEX3[0]
set_instance_assignment -name IO_STANDARD "3.3-V LVTTL" -to HEX3[1]
set_instance_assignment -name IO_STANDARD "3.3-V LVTTL" -to HEX3[2]
set_instance_assignment -name IO_STANDARD "3.3-V LVTTL" -to HEX3[3]
set_instance_assignment -name IO_STANDARD "3.3-V LVTTL" -to HEX3[4]
set_instance_assignment -name IO_STANDARD "3.3-V LVTTL" -to HEX3[5]
set_instance_assignment -name IO_STANDARD "3.3-V LVTTL" -to HEX3[6]
set_instance_assignment -name IO_STANDARD "3.3-V LVTTL" -to HEX4[0]
set_instance_assignment -name IO_STANDARD "3.3-V LVTTL" -to HEX4[1]
set_instance_assignment -name IO_STANDARD "3.3-V LVTTL" -to HEX4[2]
set_instance_assignment -name IO_STANDARD "3.3-V LVTTL" -to HEX4[3]
set_instance_assignment -name IO_STANDARD "3.3-V LVTTL" -to HEX4[4]
set_instance_assignment -name IO_STANDARD "3.3-V LVTTL" -to HEX4[5]
set_instance_assignment -name IO_STANDARD "3.3-V LVTTL" -to HEX4[6]
set_instance_assignment -name IO_STANDARD "3.3-V LVTTL" -to HEX5[0]
set_instance_assignment -name IO_STANDARD "3.3-V LVTTL" -to HEX5[1]
set_instance_assignment -name IO_STANDARD "3.3-V LVTTL" -to HEX5[2]
set_instance_assignment -name IO_STANDARD "3.3-V LVTTL" -to HEX5[3]
set_instance_assignment -name IO_STANDARD "3.3-V LVTTL" -to HEX5[4]
set_instance_assignment -name IO_STANDARD "3.3-V LVTTL" -to HEX5[5]
set_instance_assignment -name IO_STANDARD "3.3-V LVTTL" -to HEX5[6]
set_instance_assignment -name IO_STANDARD "3.3-V LVTTL" -to DRAM_ADDR[0]
set_instance_assignment -name IO_STANDARD "3.3-V LVTTL" -to DRAM_ADDR[1]
set_instance_assignment -name IO_STANDARD "3.3-V LVTTL" -to DRAM_ADDR[2]
set_instance_assignment -name IO_STANDARD "3.3-V LVTTL" -to DRAM_ADDR[3]
set_instance_assignment -name IO_STANDARD "3.3-V LVTTL" -to DRAM_ADDR[4]
set_instance_assignment -name IO_STANDARD "3.3-V LVTTL" -to DRAM_ADDR[5]
set_instance_assignment -name IO_STANDARD "3.3-V LVTTL" -to DRAM_ADDR[6]
set_instance_assignment -name IO_STANDARD "3.3-V LVTTL" -to DRAM_ADDR[7]
set_instance_assignment -name IO_STANDARD "3.3-V LVTTL" -to DRAM_ADDR[8]
set_instance_assignment -name IO_STANDARD "3.3-V LVTTL" -to DRAM_ADDR[9]
set_instance_assignment -name IO_STANDARD "3.3-V LVTTL" -to DRAM_ADDR[10]
set_instance_assignment -name IO_STANDARD "3.3-V LVTTL" -to DRAM_ADDR[11]
set_instance_assignment -name IO_STANDARD "3.3-V LVTTL" -to DRAM_ADDR[12]
set_instance_assignment -name IO_STANDARD "3.3-V LVTTL" -to DRAM_DQ[0]
set_instance_assignment -name IO_STANDARD "3.3-V LVTTL" -to DRAM_DQ[1]
set_instance_assignment -name IO_STANDARD "3.3-V LVTTL" -to DRAM_DQ[2]
set_instance_assignment -name IO_STANDARD "3.3-V LVTTL" -to DRAM_DQ[3]
set_instance_assignment -name IO_STANDARD "3.3-V LVTTL" -to DRAM_DQ[4]
set_instance_assignment -name IO_STANDARD "3.3-V LVTTL" -to DRAM_DQ[5]
set_instance_assignment -name IO_STANDARD "3.3-V LVTTL" -to DRAM_DQ[6]
set_instance_assignment -name IO_STANDARD "3.3-V LVTTL" -to DRAM_DQ[7]
set_instance_assignment -name IO_STANDARD "3.3-V LVTTL" -to DRAM_DQ[8]
set_instance_assignment -name IO_STANDARD "3.3-V LVTTL" -to DRAM_DQ[9]
set_instance_assignment -name IO_STANDARD "3.3-V LVTTL" -to DRAM_DQ[10]
set_instance_assignment -name IO_STANDARD "3.3-V LVTTL" -to DRAM_DQ[11]
set_instance_assignment -name IO_STANDARD "3.3-V LVTTL" -to DRAM_DQ[12]
set_instance_assignment -name IO_STANDARD "3.3-V LVTTL" -to DRAM_DQ[13]
set_instance_assignment -name IO_STANDARD "3.3-V LVTTL" -to DRAM_DQ[14]
set_instance_assignment -name IO_STANDARD "3.3-V LVTTL" -to DRAM_DQ[15]

set_instance_assignment -name PARTITION_HIERARCHY root_partition -to | -section_id Top