# -------------------------------------------------------------------------- #
#
# Copyright (C) 1991-2013 Altera Corporation
# Your use of Altera Corporation's design tools, logic functions 
# and other software and tools, and its AMPP partner logic 
# functions, and any output files from any of the foregoing 
# (including device programming or simulation files), and any 
# associated documentation or information are expressly subject 
# to the terms and conditions of the Altera Program License 
# Subscription Agreement, Altera MegaCore Function License 
# Agreement, or other applicable license agreement, including, 
# without limitation, that your use is for the sole purpose of 
# programming logic devices manufactured by Altera and sold by 
# Altera or its authorized distributors.  Please refer to the 
# applicable agreement for further details.
#
# -------------------------------------------------------------------------- #
#
# Quartus II 64-Bit
# Version 13.1.0 Build 162 10/23/2013 SJ Web Edition
# Date created = 19:34:44  August 14, 2026
#
# -------------------------------------------------------------------------- #
#
# Notes:
#
# 1) The default values for assignments are stored in the file:
#		Tetris_assignment_defaults.qdf
#    If this file doesn't exist, see file:
#		assignment_defaults.qdf
#
# 2) Altera recommends that you do not modify this file. This
#    file is updated automatically by the Quartus II software
#    and any changes you make may be lost or overwritten.
#
# -------------------------------------------------------------------------- #


set_global_assignment -name FAMILY "Cyclone V"
set_global_assignment -name DEVICE 5CGXFC7C7F23C8
set_global_assignment -name TOP_LEVEL_ENTITY Tetris
set_global_assignment -name ORIGINAL_QUARTUS_VERSION 13.1
set_global_assignment -name PROJECT_CREATION_TIME_DATE "19:34:44  AUGUST 14, 2026"
set_global_assignment -name LAST_QUARTUS_VERSION 13.1
set_global_assignment -name PROJECT_OUTPUT_DIRECTORY output_files
set_global_assignment -name MIN_CORE_JUNCTION_TEMP 0
set_global_assignment -name MAX_CORE_JUNCTION_TEMP 85
set_global_assignment -name ERROR_CHECK_FREQUENCY_DIVISOR 256
set_global_assignment -name EDA_SIMULATION_TOOL "ModelSim-Altera (VHDL)"
set_global_assignment -name EDA_OUTPUT_DATA_FORMAT VHDL -section_id eda_simulation
set_global_assignment -name PARTITION_NETLIST_TYPE SOURCE -section_id Top
set_global_assignment -name PARTITION_FITTER_PRESERVATION_LEVEL PLACEMENT_AND_ROUTING -section_id Top
set_global_assignment -name PARTITION_COLOR 16764057 -section_id Top
set_global_assignment -name POWER_PRESET_COOLING_SOLUTION "23 MM HEAT SINK WITH 200 LFPM AIRFLOW"
set_global_assignment -name POWER_BOARD_THERMAL_MODEL "NONE (CONSERVATIVE)"
set_global_assignment -name SEARCH_PATH "c:\\altera\\13.1\\tetris\\tetris-fpga\\components"
set_global_assignment -name BDF_FILE Components/reg11_sr_ld.bdf
set_global_assignment -name BDF_FILE Components/reg8_sr_ld.bdf
set_global_assignment -name BDF_FILE Components/reg4_sr_ld.bdf
set_global_assignment -name BDF_FILE Components/reg2_sr_ld.bdf
set_global_assignment -name QIP_FILE Components/init_rom.qip
set_global_assignment -name VHDL_FILE Components/pixel_cnt.vhd
set_global_assignment -name QIP_FILE Components/pixel_cnt.qip
set_global_assignment -name VHDL_FILE Components/seq_cnt.vhd
set_global_assignment -name QIP_FILE Components/seq_cnt.qip
set_global_assignment -name VHDL_FILE Components/refresh_cnt.vhd
set_global_assignment -name QIP_FILE Components/refresh_cnt.qip
set_global_assignment -name VHDL_FILE Components/init_wait_cnt.vhd
set_global_assignment -name QIP_FILE Components/init_wait_cnt.qip
set_global_assignment -name SOURCE_FILE Memory/sys_pll.cmp
set_global_assignment -name VHDL_FILE Memory/sdram_init.vhd
set_global_assignment -name BDF_FILE Memory/sdram_init.bdf
set_global_assignment -name VHDL_FILE Memory/sdram_ctrl.vhd
set_global_assignment -name BDF_FILE Memory/sdram_ctrl.bdf
set_global_assignment -name VHDL_FILE Memory/raf_cnt.vhd
set_global_assignment -name QIP_FILE Memory/raf_cnt.qip
set_global_assignment -name QIP_FILE Memory/pixel_cnt.qip
set_global_assignment -name VHDL_FILE Memory/lpm_mux6.vhd
set_global_assignment -name QIP_FILE Memory/lpm_mux6.qip
set_global_assignment -name VHDL_FILE Memory/lpm_mux5.vhd
set_global_assignment -name QIP_FILE Memory/lpm_mux5.qip
set_global_assignment -name VHDL_FILE Memory/lpm_mux4.vhd
set_global_assignment -name QIP_FILE Memory/lpm_mux4.qip
set_global_assignment -name VHDL_FILE Memory/lpm_mux3.vhd
set_global_assignment -name QIP_FILE Memory/lpm_mux3.qip
set_global_assignment -name VHDL_FILE Memory/lpm_mux2.vhd
set_global_assignment -name QIP_FILE Memory/lpm_mux2.qip
set_global_assignment -name SOURCE_FILE Memory/lpm_mux2.cmp
set_global_assignment -name VHDL_FILE Memory/lpm_mux1.vhd
set_global_assignment -name QIP_FILE Memory/lpm_mux1.qip
set_global_assignment -name SOURCE_FILE Memory/lpm_mux1.cmp
set_global_assignment -name VHDL_FILE Memory/lpm_mux0.vhd
set_global_assignment -name QIP_FILE Memory/lpm_mux0.qip
set_global_assignment -name SOURCE_FILE Memory/lpm_mux0.cmp
set_global_assignment -name VHDL_FILE Memory/lpm_constant400.vhd
set_global_assignment -name QIP_FILE Memory/lpm_constant400.qip
set_global_assignment -name VHDL_FILE Memory/lpm_constant223.vhd
set_global_assignment -name QIP_FILE Memory/lpm_constant223.qip
set_global_assignment -name VHDL_FILE Memory/lpm_constant0.vhd
set_global_assignment -name QIP_FILE Memory/lpm_constant0.qip
set_global_assignment -name SOURCE_FILE Memory/lpm_constant0.cmp
set_global_assignment -name VHDL_FILE Memory/init_rom.vhd
set_global_assignment -name QIP_FILE Memory/init_rom.qip
set_global_assignment -name VHDL_FILE Memory/ctrl_rom.vhd
set_global_assignment -name QIP_FILE Memory/ctrl_rom.qip
set_global_assignment -name VHDL_FILE Memory/ctrl_cnt.vhd
set_global_assignment -name QIP_FILE Memory/ctrl_cnt.qip
set_global_assignment -name VHDL_FILE Components/CMP32.vhd
set_global_assignment -name QIP_FILE Components/CMP32.qip
set_global_assignment -name SOURCE_FILE Components/CMP32.cmp
set_global_assignment -name VHDL_FILE Components/CMP8.vhd
set_global_assignment -name QIP_FILE Components/CMP8.qip
set_global_assignment -name SOURCE_FILE Components/CMP8.cmp
set_global_assignment -name BDF_FILE MouseController/MouseController.bdf
set_global_assignment -name VHDL_FILE Memory/rom.vhd
set_global_assignment -name QIP_FILE Memory/rom.qip
set_global_assignment -name VHDL_FILE Memory/ram.vhd
set_global_assignment -name QIP_FILE Memory/ram.qip
set_global_assignment -name BDF_FILE Memory/mem_top.bdf
set_global_assignment -name BDF_FILE KbController/CodeInterpeter.bdf
set_global_assignment -name BDF_FILE KbController/CodeDetector.bdf
set_global_assignment -name BDF_FILE Components/RisingEdgeDetector.bdf
set_global_assignment -name VHDL_FILE Components/RegisterX.vhd
set_global_assignment -name BDF_FILE Components/Register.bdf
set_global_assignment -name VHDL_FILE Components/read_mux.vhd
set_global_assignment -name QIP_FILE Components/read_mux.qip
set_global_assignment -name VHDL_FILE Components/MultiplexerX.vhd
set_global_assignment -name BDF_FILE Components/Debouncer.bdf
set_global_assignment -name BDF_FILE Components/DC2.bdf
set_global_assignment -name VHDL_FILE Components/ConstantX.vhd
set_global_assignment -name VHDL_FILE Components/const_sdram.vhd
set_global_assignment -name QIP_FILE Components/const_sdram.qip
set_global_assignment -name VHDL_FILE Components/const_mmio.vhd
set_global_assignment -name QIP_FILE Components/const_mmio.qip
set_global_assignment -name VHDL_FILE Components/ComparatorX.vhd
set_global_assignment -name VHDL_FILE Components/ClockDivider.vhd
set_global_assignment -name VHDL_FILE Components/CLK_DIVIDER.vhd
set_global_assignment -name BDF_FILE Components/CD16.bdf
set_global_assignment -name BDF_FILE Components/CD8.bdf
set_global_assignment -name VHDL_FILE Components/Binary2BCD.vhd
set_global_assignment -name VHDL_FILE Components/ALUX.vhd
set_global_assignment -name VHDL_FILE Components/7_segment_digit_interface.vhd
set_global_assignment -name QIP_FILE Memory/sys_pll.qip
set_global_assignment -name SIP_FILE Memory/sys_pll.sip
set_global_assignment -name QIP_FILE Memory/refresh_cnt.qip
set_global_assignment -name QIP_FILE Memory/line_buf.qip
set_global_assignment -name QIP_FILE Memory/init_wait_cnt.qip
set_global_assignment -name SMF_FILE Memory/SM1.smf
set_global_assignment -name BDF_FILE Components/mx2x1.bdf
set_global_assignment -name BDF_FILE Tetris.bdf
set_instance_assignment -name PARTITION_HIERARCHY root_partition -to | -section_id Top