set_global_assignment -name FAMILY "Cyclone V"
set_global_assignment -name DEVICE 5CEBA4F23C7
set_global_assignment -name TOP_LEVEL_ENTITY tetris_cpu
set_global_assignment -name ORIGINAL_QUARTUS_VERSION 13.1
set_global_assignment -name LAST_QUARTUS_VERSION 13.1
set_global_assignment -name PROJECT_OUTPUT_DIRECTORY output_files
set_global_assignment -name QIP_FILE pc_register.qip
set_global_assignment -name QIP_FILE alu_adder.qip
set_global_assignment -name QIP_FILE alu_compare.qip
set_global_assignment -name QIP_FILE alu_compare_u.qip
set_global_assignment -name QIP_FILE alu_shift.qip
set_global_assignment -name QIP_FILE alu_sra.qip
set_global_assignment -name QIP_FILE alu_mux.qip
set_global_assignment -name QIP_FILE mux4_32.qip
set_global_assignment -name QIP_FILE alu_src_mux_ip.qip
set_global_assignment -name QIP_FILE mux2_5.qip
set_global_assignment -name QIP_FILE mux4_5.qip
set_global_assignment -name QIP_FILE mux8_1.qip
set_global_assignment -name QIP_FILE reg_mem_a.qip
set_global_assignment -name QIP_FILE control_rom.qip
set_global_assignment -name BDF_FILE register_file.bdf
set_global_assignment -name BDF_FILE imm_gen.bdf
set_global_assignment -name BDF_FILE alu.bdf
set_global_assignment -name BDF_FILE pc_next.bdf
set_global_assignment -name BDF_FILE pc.bdf
set_global_assignment -name BDF_FILE instruction.bdf
set_global_assignment -name BDF_FILE alu_src_mux.bdf
set_global_assignment -name BDF_FILE data_mem.bdf
set_global_assignment -name BDF_FILE instruction_decoder.bdf
set_global_assignment -name BDF_FILE tetris_cpu.bdf
set_global_assignment -name MIF_FILE control_rom.mif
set_global_assignment -name SEARCH_PATH ..
